<?xml version="1.0" encoding="utf-8"?>
<Project ToolsVersion="4.0" xmlns="http://schemas.microsoft.com/developer/msbuild/2003">
  <ItemGroup>
    <Filter Include="Common">
      <UniqueIdentifier>b81ff562-4723-44c3-b3d2-42c98e32d51b</UniqueIdentifier>
    </Filter>
    <Filter Include="Assets">
      <UniqueIdentifier>e167371d-f638-4997-96ef-d57412d1b66e</UniqueIdentifier>
    </Filter>
    <Page Include="Common\StandardStyles.xaml">
      <Filter>Common</Filter>
    </Page>
    <Image Include="Assets\Logo.png">
      <Filter>Assets</Filter>
    </Image>
    <Image Include="Assets\SmallLogo.png">
      <Filter>Assets</Filter>
    </Image>
    <Image Include="Assets\StoreLogo.png">
      <Filter>Assets</Filter>
    </Image>
    <Image Include="Assets\SplashScreen.png">
      <Filter>Assets</Filter>
    </Image>
    <Filter Include="DirectXBase">
      <UniqueIdentifier>{63d9c730-4ea8-49e3-bbb1-81f5891bf5b6}</UniqueIdentifier>
    </Filter>
    <Filter Include="Shaders">
      <UniqueIdentifier>{10552a20-e1d7-4db1-b89b-7ebb655a6cb2}</UniqueIdentifier>
    </Filter>
    <Filter Include="Precompiled Headers">
      <UniqueIdentifier>{5c9b6ec2-6b71-46cf-9835-f86a85ca3763}</UniqueIdentifier>
    </Filter>
    <Filter Include="Render Engines">
      <UniqueIdentifier>{ee7bb2c9-b8dc-4943-83f5-92f0d1f5f881}</UniqueIdentifier>
    </Filter>
    <Filter Include="Controllers">
      <UniqueIdentifier>{9b491da9-ade3-4351-b01d-f1ef4afc173e}</UniqueIdentifier>
    </Filter>
  </ItemGroup>
  <ItemGroup>
    <ApplicationDefinition Include="App.xaml" />
  </ItemGroup>
  <ItemGroup>
    <ClCompile Include="App.xaml.cpp" />
    <ClCompile Include="MainPage.xaml.cpp" />
    <ClCompile Include="DirectXBase.cpp">
      <Filter>DirectXBase</Filter>
    </ClCompile>
    <ClCompile Include="pch.cpp">
      <Filter>Precompiled Headers</Filter>
    </ClCompile>
    <ClCompile Include="RunTimer.cpp">
      <Filter>DirectXBase</Filter>
    </ClCompile>
    <ClCompile Include="RenderEngine.cpp">
      <Filter>Render Engines</Filter>
    </ClCompile>
    <ClCompile Include="Controller.cpp">
      <Filter>Controllers</Filter>
    </ClCompile>
  </ItemGroup>
  <ItemGroup>
    <ClInclude Include="App.xaml.h" />
    <ClInclude Include="MainPage.xaml.h" />
    <ClInclude Include="DirectXBase.h">
      <Filter>DirectXBase</Filter>
    </ClInclude>
    <ClInclude Include="DirectXHelper.h">
      <Filter>DirectXBase</Filter>
    </ClInclude>
    <ClInclude Include="pch.h">
      <Filter>Precompiled Headers</Filter>
    </ClInclude>
    <ClInclude Include="RunTimer.h">
      <Filter>DirectXBase</Filter>
    </ClInclude>
    <ClInclude Include="RenderEngine.h">
      <Filter>Render Engines</Filter>
    </ClInclude>
    <ClInclude Include="Controller.h">
      <Filter>Controllers</Filter>
    </ClInclude>
  </ItemGroup>
  <ItemGroup>
    <AppxManifest Include="Package.appxmanifest" />
  </ItemGroup>
  <ItemGroup>
    <None Include="SwapChainBGPanel_TemporaryKey.pfx" />
  </ItemGroup>
  <ItemGroup>
    <Page Include="MainPage.xaml" />
  </ItemGroup>
  <ItemGroup>
    <FxCompile Include="SimplePixelShader.hlsl">
      <Filter>Shaders</Filter>
    </FxCompile>
    <FxCompile Include="SimpleVertexShader.hlsl">
      <Filter>Shaders</Filter>
    </FxCompile>
  </ItemGroup>
</Project>